{
  "version": 4,
  "terraform_version": "1.13.0",
  "serial": 8,
  "lineage": "7d62df50-1d0e-ab1d-440b-6ace8346f0b6",
  "outputs": {},
  "resources": [
    {
      "mode": "managed",
      "type": "proxmox_virtual_environment_vm",
      "name": "AlmaLinux_vm",
      "provider": "provider[\"registry.terraform.io/bpg/proxmox\"]",
      "instances": [
        {
          "status": "tainted",
          "schema_version": 0,
          "attributes": {
            "acpi": true,
            "agent": [],
            "amd_sev": [],
            "audio_device": [],
            "bios": "seabios",
            "boot_order": null,
            "cdrom": [],
            "clone": [],
            "cpu": [],
            "description": null,
            "disk": [
              {
                "aio": "io_uring",
                "backup": true,
                "cache": "none",
                "datastore_id": "local-lvm",
                "discard": "on",
                "file_format": "",
                "file_id": "local:iso/AlmaLinux-10.0-x86_64-boot1.iso",
                "import_from": "",
                "interface": "virtio0",
                "iothread": true,
                "path_in_datastore": "",
                "replicate": true,
                "serial": "",
                "size": 200,
                "speed": [],
                "ssd": false
              }
            ],
            "efi_disk": [],
            "hook_script_file_id": null,
            "hostpci": [],
            "id": "100",
            "initialization": [
              {
                "datastore_id": "local-lvm",
                "dns": [],
                "interface": "",
                "ip_config": [],
                "meta_data_file_id": "",
                "network_data_file_id": "",
                "type": "",
                "user_account": [
                  {
                    "keys": null,
                    "password": "KbB$Sl1C*f#ob5e%Imm#2XDV^xJRUYl!\u0026kw9wIse6Cv$%aIbvIJ!24ALCwtreXDG9^UJr$fojyt%r!RNCNqJtzf9hqsXS2ryw%PD\u0026%w^kU2nIyhw%pS5we!oIFSqdwy8",
                    "username": "Liks0m"
                  }
                ],
                "user_data_file_id": "",
                "vendor_data_file_id": ""
              }
            ],
            "ipv4_addresses": null,
            "ipv6_addresses": null,
            "keyboard_layout": "en-us",
            "kvm_arguments": null,
            "mac_addresses": null,
            "machine": null,
            "memory": [],
            "migrate": false,
            "name": "test-AlmaLinux",
            "network_device": null,
            "network_interface_names": null,
            "node_name": "Liks0mHomelab",
            "numa": [],
            "on_boot": true,
            "operating_system": [],
            "pool_id": null,
            "protection": false,
            "reboot": false,
            "reboot_after_update": true,
            "rng": [],
            "scsi_hardware": "virtio-scsi-pci",
            "serial_device": [],
            "smbios": [],
            "started": true,
            "startup": [],
            "stop_on_destroy": false,
            "tablet_device": true,
            "tags": null,
            "template": false,
            "timeout_clone": 1800,
            "timeout_create": 1800,
            "timeout_migrate": 1800,
            "timeout_move_disk": 1800,
            "timeout_reboot": 1800,
            "timeout_shutdown_vm": 1800,
            "timeout_start_vm": 1800,
            "timeout_stop_vm": 300,
            "tpm_state": [],
            "usb": [],
            "vga": null,
            "virtiofs": [],
            "vm_id": 100,
            "watchdog": []
          },
          "sensitive_attributes": [
            [
              {
                "type": "get_attr",
                "value": "initialization"
              },
              {
                "type": "index",
                "value": {
                  "value": 0,
                  "type": "number"
                }
              },
              {
                "type": "get_attr",
                "value": "user_account"
              },
              {
                "type": "index",
                "value": {
                  "value": 0,
                  "type": "number"
                }
              },
              {
                "type": "get_attr",
                "value": "password"
              }
            ]
          ],
          "identity_schema_version": 0,
          "private": "bnVsbA=="
        }
      ]
    }
  ],
  "check_results": null
}
